// !$*UTF8*$!
{
	archiveVersion = 1;
	classes = {
	};
	objectVersion = 46;
	objects = {

/* Begin PBXBuildFile section */
		A1DC67891975FF46004F3F0B /* Foundation.framework in Frameworks */ = {isa = PBXBuildFile; fileRef = A1DC67881975FF46004F3F0B /* Foundation.framework */; };
		A1DC678B1975FF46004F3F0B /* CoreGraphics.framework in Frameworks */ = {isa = PBXBuildFile; fileRef = A1DC678A1975FF46004F3F0B /* CoreGraphics.framework */; };
		A1DC678D1975FF46004F3F0B /* UIKit.framework in Frameworks */ = {isa = PBXBuildFile; fileRef = A1DC678C1975FF46004F3F0B /* UIKit.framework */; };
		A1DC67931975FF46004F3F0B /* InfoPlist.strings in Resources */ = {isa = PBXBuildFile; fileRef = A1DC67911975FF46004F3F0B /* InfoPlist.strings */; };
		A1DC67951975FF46004F3F0B /* main.m in Sources */ = {isa = PBXBuildFile; fileRef = A1DC67941975FF46004F3F0B /* main.m */; };
		A1DC67991975FF46004F3F0B /* AppDelegate.m in Sources */ = {isa = PBXBuildFile; fileRef = A1DC67981975FF46004F3F0B /* AppDelegate.m */; };
		A1DC679C1975FF46004F3F0B /* Main.storyboard in Resources */ = {isa = PBXBuildFile; fileRef = A1DC679A1975FF46004F3F0B /* Main.storyboard */; };
		A1DC679F1975FF46004F3F0B /* ViewController.m in Sources */ = {isa = PBXBuildFile; fileRef = A1DC679E1975FF46004F3F0B /* ViewController.m */; };
		A1DC67A11975FF46004F3F0B /* Images.xcassets in Resources */ = {isa = PBXBuildFile; fileRef = A1DC67A01975FF46004F3F0B /* Images.xcassets */; };
		A1DC67A81975FF46004F3F0B /* XCTest.framework in Frameworks */ = {isa = PBXBuildFile; fileRef = A1DC67A71975FF46004F3F0B /* XCTest.framework */; };
		A1DC67A91975FF46004F3F0B /* Foundation.framework in Frameworks */ = {isa = PBXBuildFile; fileRef = A1DC67881975FF46004F3F0B /* Foundation.framework */; };
		A1DC67AA1975FF46004F3F0B /* UIKit.framework in Frameworks */ = {isa = PBXBuildFile; fileRef = A1DC678C1975FF46004F3F0B /* UIKit.framework */; };
		A1DC67B21975FF46004F3F0B /* InfoPlist.strings in Resources */ = {isa = PBXBuildFile; fileRef = A1DC67B01975FF46004F3F0B /* InfoPlist.strings */; };
		A1DC67B41975FF46004F3F0B /* LibrosFenomenalesTests.m in Sources */ = {isa = PBXBuildFile; fileRef = A1DC67B31975FF46004F3F0B /* LibrosFenomenalesTests.m */; };
		A1DC67BF19760309004F3F0B /* LibroFenomenal.m in Sources */ = {isa = PBXBuildFile; fileRef = A1DC67BE19760309004F3F0B /* LibroFenomenal.m */; };
		A1DC67C21976E486004F3F0B /* informacionViewController.m in Sources */ = {isa = PBXBuildFile; fileRef = A1DC67C11976E486004F3F0B /* informacionViewController.m */; };
		A1DC67C41976F773004F3F0B /* portadaQuijote.jpg in Resources */ = {isa = PBXBuildFile; fileRef = A1DC67C31976F773004F3F0B /* portadaQuijote.jpg */; };
		A1DC67C7197718A1004F3F0B /* pictureViewController.m in Sources */ = {isa = PBXBuildFile; fileRef = A1DC67C6197718A1004F3F0B /* pictureViewController.m */; };
		A1DC67CA19773A9D004F3F0B /* nuevoLibroViewController.m in Sources */ = {isa = PBXBuildFile; fileRef = A1DC67C919773A9D004F3F0B /* nuevoLibroViewController.m */; };
		A1DC67CB19773A9D004F3F0B /* nuevoLibroViewController.m in Sources */ = {isa = PBXBuildFile; fileRef = A1DC67C919773A9D004F3F0B /* nuevoLibroViewController.m */; };
/* End PBXBuildFile section */

/* Begin PBXContainerItemProxy section */
		A1DC67AB1975FF46004F3F0B /* PBXContainerItemProxy */ = {
			isa = PBXContainerItemProxy;
			containerPortal = A1DC677D1975FF46004F3F0B /* Project object */;
			proxyType = 1;
			remoteGlobalIDString = A1DC67841975FF46004F3F0B;
			remoteInfo = LibrosFenomenales;
		};
/* End PBXContainerItemProxy section */

/* Begin PBXFileReference section */
		A1DC67851975FF46004F3F0B /* LibrosFenomenales.app */ = {isa = PBXFileReference; explicitFileType = wrapper.application; includeInIndex = 0; path = LibrosFenomenales.app; sourceTree = BUILT_PRODUCTS_DIR; };
		A1DC67881975FF46004F3F0B /* Foundation.framework */ = {isa = PBXFileReference; lastKnownFileType = wrapper.framework; name = Foundation.framework; path = System/Library/Frameworks/Foundation.framework; sourceTree = SDKROOT; };
		A1DC678A1975FF46004F3F0B /* CoreGraphics.framework */ = {isa = PBXFileReference; lastKnownFileType = wrapper.framework; name = CoreGraphics.framework; path = System/Library/Frameworks/CoreGraphics.framework; sourceTree = SDKROOT; };
		A1DC678C1975FF46004F3F0B /* UIKit.framework */ = {isa = PBXFileReference; lastKnownFileType = wrapper.framework; name = UIKit.framework; path = System/Library/Frameworks/UIKit.framework; sourceTree = SDKROOT; };
		A1DC67901975FF46004F3F0B /* LibrosFenomenales-Info.plist */ = {isa = PBXFileReference; lastKnownFileType = text.plist.xml; path = "LibrosFenomenales-Info.plist"; sourceTree = "<group>"; };
		A1DC67921975FF46004F3F0B /* en */ = {isa = PBXFileReference; lastKnownFileType = text.plist.strings; name = en; path = en.lproj/InfoPlist.strings; sourceTree = "<group>"; };
		A1DC67941975FF46004F3F0B /* main.m */ = {isa = PBXFileReference; lastKnownFileType = sourcecode.c.objc; path = main.m; sourceTree = "<group>"; };
		A1DC67961975FF46004F3F0B /* LibrosFenomenales-Prefix.pch */ = {isa = PBXFileReference; lastKnownFileType = sourcecode.c.h; path = "LibrosFenomenales-Prefix.pch"; sourceTree = "<group>"; };
		A1DC67971975FF46004F3F0B /* AppDelegate.h */ = {isa = PBXFileReference; lastKnownFileType = sourcecode.c.h; path = AppDelegate.h; sourceTree = "<group>"; };
		A1DC67981975FF46004F3F0B /* AppDelegate.m */ = {isa = PBXFileReference; lastKnownFileType = sourcecode.c.objc; path = AppDelegate.m; sourceTree = "<group>"; };
		A1DC679B1975FF46004F3F0B /* Base */ = {isa = PBXFileReference; lastKnownFileType = file.storyboard; name = Base; path = Base.lproj/Main.storyboard; sourceTree = "<group>"; };
		A1DC679D1975FF46004F3F0B /* ViewController.h */ = {isa = PBXFileReference; lastKnownFileType = sourcecode.c.h; path = ViewController.h; sourceTree = "<group>"; };
		A1DC679E1975FF46004F3F0B /* ViewController.m */ = {isa = PBXFileReference; lastKnownFileType = sourcecode.c.objc; path = ViewController.m; sourceTree = "<group>"; };
		A1DC67A01975FF46004F3F0B /* Images.xcassets */ = {isa = PBXFileReference; lastKnownFileType = folder.assetcatalog; path = Images.xcassets; sourceTree = "<group>"; };
		A1DC67A61975FF46004F3F0B /* LibrosFenomenalesTests.xctest */ = {isa = PBXFileReference; explicitFileType = wrapper.cfbundle; includeInIndex = 0; path = LibrosFenomenalesTests.xctest; sourceTree = BUILT_PRODUCTS_DIR; };
		A1DC67A71975FF46004F3F0B /* XCTest.framework */ = {isa = PBXFileReference; lastKnownFileType = wrapper.framework; name = XCTest.framework; path = Library/Frameworks/XCTest.framework; sourceTree = DEVELOPER_DIR; };
		A1DC67AF1975FF46004F3F0B /* LibrosFenomenalesTests-Info.plist */ = {isa = PBXFileReference; lastKnownFileType = text.plist.xml; path = "LibrosFenomenalesTests-Info.plist"; sourceTree = "<group>"; };
		A1DC67B11975FF46004F3F0B /* en */ = {isa = PBXFileReference; lastKnownFileType = text.plist.strings; name = en; path = en.lproj/InfoPlist.strings; sourceTree = "<group>"; };
		A1DC67B31975FF46004F3F0B /* LibrosFenomenalesTests.m */ = {isa = PBXFileReference; lastKnownFileType = sourcecode.c.objc; path = LibrosFenomenalesTests.m; sourceTree = "<group>"; };
		A1DC67BD19760309004F3F0B /* LibroFenomenal.h */ = {isa = PBXFileReference; fileEncoding = 4; lastKnownFileType = sourcecode.c.h; path = LibroFenomenal.h; sourceTree = "<group>"; };
		A1DC67BE19760309004F3F0B /* LibroFenomenal.m */ = {isa = PBXFileReference; fileEncoding = 4; lastKnownFileType = sourcecode.c.objc; path = LibroFenomenal.m; sourceTree = "<group>"; };
		A1DC67C01976E486004F3F0B /* informacionViewController.h */ = {isa = PBXFileReference; fileEncoding = 4; lastKnownFileType = sourcecode.c.h; path = informacionViewController.h; sourceTree = "<group>"; };
		A1DC67C11976E486004F3F0B /* informacionViewController.m */ = {isa = PBXFileReference; fileEncoding = 4; lastKnownFileType = sourcecode.c.objc; path = informacionViewController.m; sourceTree = "<group>"; };
		A1DC67C31976F773004F3F0B /* portadaQuijote.jpg */ = {isa = PBXFileReference; lastKnownFileType = image.jpeg; path = portadaQuijote.jpg; sourceTree = "<group>"; };
		A1DC67C5197718A1004F3F0B /* pictureViewController.h */ = {isa = PBXFileReference; fileEncoding = 4; lastKnownFileType = sourcecode.c.h; path = pictureViewController.h; sourceTree = "<group>"; };
		A1DC67C6197718A1004F3F0B /* pictureViewController.m */ = {isa = PBXFileReference; fileEncoding = 4; lastKnownFileType = sourcecode.c.objc; path = pictureViewController.m; sourceTree = "<group>"; };
		A1DC67C819773A9D004F3F0B /* nuevoLibroViewController.h */ = {isa = PBXFileReference; fileEncoding = 4; lastKnownFileType = sourcecode.c.h; path = nuevoLibroViewController.h; sourceTree = "<group>"; };
		A1DC67C919773A9D004F3F0B /* nuevoLibroViewController.m */ = {isa = PBXFileReference; fileEncoding = 4; lastKnownFileType = sourcecode.c.objc; path = nuevoLibroViewController.m; sourceTree = "<group>"; };
/* End PBXFileReference section */

/* Begin PBXFrameworksBuildPhase section */
		A1DC67821975FF46004F3F0B /* Frameworks */ = {
			isa = PBXFrameworksBuildPhase;
			buildActionMask = 2147483647;
			files = (
				A1DC678B1975FF46004F3F0B /* CoreGraphics.framework in Frameworks */,
				A1DC678D1975FF46004F3F0B /* UIKit.framework in Frameworks */,
				A1DC67891975FF46004F3F0B /* Foundation.framework in Frameworks */,
			);
			runOnlyForDeploymentPostprocessing = 0;
		};
		A1DC67A31975FF46004F3F0B /* Frameworks */ = {
			isa = PBXFrameworksBuildPhase;
			buildActionMask = 2147483647;
			files = (
				A1DC67A81975FF46004F3F0B /* XCTest.framework in Frameworks */,
				A1DC67AA1975FF46004F3F0B /* UIKit.framework in Frameworks */,
				A1DC67A91975FF46004F3F0B /* Foundation.framework in Frameworks */,
			);
			runOnlyForDeploymentPostprocessing = 0;
		};
/* End PBXFrameworksBuildPhase section */

/* Begin PBXGroup section */
		A1DC677C1975FF46004F3F0B = {
			isa = PBXGroup;
			children = (
				A1DC678E1975FF46004F3F0B /* LibrosFenomenales */,
				A1DC67AD1975FF46004F3F0B /* LibrosFenomenalesTests */,
				A1DC67871975FF46004F3F0B /* Frameworks */,
				A1DC67861975FF46004F3F0B /* Products */,
			);
			sourceTree = "<group>";
		};
		A1DC67861975FF46004F3F0B /* Products */ = {
			isa = PBXGroup;
			children = (
				A1DC67851975FF46004F3F0B /* LibrosFenomenales.app */,
				A1DC67A61975FF46004F3F0B /* LibrosFenomenalesTests.xctest */,
			);
			name = Products;
			sourceTree = "<group>";
		};
		A1DC67871975FF46004F3F0B /* Frameworks */ = {
			isa = PBXGroup;
			children = (
				A1DC67881975FF46004F3F0B /* Foundation.framework */,
				A1DC678A1975FF46004F3F0B /* CoreGraphics.framework */,
				A1DC678C1975FF46004F3F0B /* UIKit.framework */,
				A1DC67A71975FF46004F3F0B /* XCTest.framework */,
			);
			name = Frameworks;
			sourceTree = "<group>";
		};
		A1DC678E1975FF46004F3F0B /* LibrosFenomenales */ = {
			isa = PBXGroup;
			children = (
				A1DC67C31976F773004F3F0B /* portadaQuijote.jpg */,
				A1DC67971975FF46004F3F0B /* AppDelegate.h */,
				A1DC67981975FF46004F3F0B /* AppDelegate.m */,
				A1DC679A1975FF46004F3F0B /* Main.storyboard */,
				A1DC67C819773A9D004F3F0B /* nuevoLibroViewController.h */,
				A1DC67C919773A9D004F3F0B /* nuevoLibroViewController.m */,
				A1DC67C5197718A1004F3F0B /* pictureViewController.h */,
				A1DC67C6197718A1004F3F0B /* pictureViewController.m */,
				A1DC67C01976E486004F3F0B /* informacionViewController.h */,
				A1DC67C11976E486004F3F0B /* informacionViewController.m */,
				A1DC679D1975FF46004F3F0B /* ViewController.h */,
				A1DC679E1975FF46004F3F0B /* ViewController.m */,
				A1DC67BD19760309004F3F0B /* LibroFenomenal.h */,
				A1DC67BE19760309004F3F0B /* LibroFenomenal.m */,
				A1DC67A01975FF46004F3F0B /* Images.xcassets */,
				A1DC678F1975FF46004F3F0B /* Supporting Files */,
			);
			path = LibrosFenomenales;
			sourceTree = "<group>";
		};
		A1DC678F1975FF46004F3F0B /* Supporting Files */ = {
			isa = PBXGroup;
			children = (
				A1DC67901975FF46004F3F0B /* LibrosFenomenales-Info.plist */,
				A1DC67911975FF46004F3F0B /* InfoPlist.strings */,
				A1DC67941975FF46004F3F0B /* main.m */,
				A1DC67961975FF46004F3F0B /* LibrosFenomenales-Prefix.pch */,
			);
			name = "Supporting Files";
			sourceTree = "<group>";
		};
		A1DC67AD1975FF46004F3F0B /* LibrosFenomenalesTests */ = {
			isa = PBXGroup;
			children = (
				A1DC67B31975FF46004F3F0B /* LibrosFenomenalesTests.m */,
				A1DC67AE1975FF46004F3F0B /* Supporting Files */,
			);
			path = LibrosFenomenalesTests;
			sourceTree = "<group>";
		};
		A1DC67AE1975FF46004F3F0B /* Supporting Files */ = {
			isa = PBXGroup;
			children = (
				A1DC67AF1975FF46004F3F0B /* LibrosFenomenalesTests-Info.plist */,
				A1DC67B01975FF46004F3F0B /* InfoPlist.strings */,
			);
			name = "Supporting Files";
			sourceTree = "<group>";
		};
/* End PBXGroup section */

/* Begin PBXNativeTarget section */
		A1DC67841975FF46004F3F0B /* LibrosFenomenales */ = {
			isa = PBXNativeTarget;
			buildConfigurationList = A1DC67B71975FF46004F3F0B /* Build configuration list for PBXNativeTarget "LibrosFenomenales" */;
			buildPhases = (
				A1DC67811975FF46004F3F0B /* Sources */,
				A1DC67821975FF46004F3F0B /* Frameworks */,
				A1DC67831975FF46004F3F0B /* Resources */,
			);
			buildRules = (
			);
			dependencies = (
			);
			name = LibrosFenomenales;
			productName = LibrosFenomenales;
			productReference = A1DC67851975FF46004F3F0B /* LibrosFenomenales.app */;
			productType = "com.apple.product-type.application";
		};
		A1DC67A51975FF46004F3F0B /* LibrosFenomenalesTests */ = {
			isa = PBXNativeTarget;
			buildConfigurationList = A1DC67BA1975FF46004F3F0B /* Build configuration list for PBXNativeTarget "LibrosFenomenalesTests" */;
			buildPhases = (
				A1DC67A21975FF46004F3F0B /* Sources */,
				A1DC67A31975FF46004F3F0B /* Frameworks */,
				A1DC67A41975FF46004F3F0B /* Resources */,
			);
			buildRules = (
			);
			dependencies = (
				A1DC67AC1975FF46004F3F0B /* PBXTargetDependency */,
			);
			name = LibrosFenomenalesTests;
			productName = LibrosFenomenalesTests;
			productReference = A1DC67A61975FF46004F3F0B /* LibrosFenomenalesTests.xctest */;
			productType = "com.apple.product-type.bundle.unit-test";
		};
/* End PBXNativeTarget section */

/* Begin PBXProject section */
		A1DC677D1975FF46004F3F0B /* Project object */ = {
			isa = PBXProject;
			attributes = {
				LastUpgradeCheck = 0510;
				ORGANIZATIONNAME = com.imaginarte;
				TargetAttributes = {
					A1DC67A51975FF46004F3F0B = {
						TestTargetID = A1DC67841975FF46004F3F0B;
					};
				};
			};
			buildConfigurationList = A1DC67801975FF46004F3F0B /* Build configuration list for PBXProject "LibrosFenomenales" */;
			compatibilityVersion = "Xcode 3.2";
			developmentRegion = English;
			hasScannedForEncodings = 0;
			knownRegions = (
				en,
				Base,
			);
			mainGroup = A1DC677C1975FF46004F3F0B;
			productRefGroup = A1DC67861975FF46004F3F0B /* Products */;
			projectDirPath = "";
			projectRoot = "";
			targets = (
				A1DC67841975FF46004F3F0B /* LibrosFenomenales */,
				A1DC67A51975FF46004F3F0B /* LibrosFenomenalesTests */,
			);
		};
/* End PBXProject section */

/* Begin PBXResourcesBuildPhase section */
		A1DC67831975FF46004F3F0B /* Resources */ = {
			isa = PBXResourcesBuildPhase;
			buildActionMask = 2147483647;
			files = (
				A1DC67A11975FF46004F3F0B /* Images.xcassets in Resources */,
				A1DC67C41976F773004F3F0B /* portadaQuijote.jpg in Resources */,
				A1DC67931975FF46004F3F0B /* InfoPlist.strings in Resources */,
				A1DC679C1975FF46004F3F0B /* Main.storyboard in Resources */,
			);
			runOnlyForDeploymentPostprocessing = 0;
		};
		A1DC67A41975FF46004F3F0B /* Resources */ = {
			isa = PBXResourcesBuildPhase;
			buildActionMask = 2147483647;
			files = (
				A1DC67B21975FF46004F3F0B /* InfoPlist.strings in Resources */,
			);
			runOnlyForDeploymentPostprocessing = 0;
		};
/* End PBXResourcesBuildPhase section */

/* Begin PBXSourcesBuildPhase section */
		A1DC67811975FF46004F3F0B /* Sources */ = {
			isa = PBXSourcesBuildPhase;
			buildActionMask = 2147483647;
			files = (
				A1DC67C21976E486004F3F0B /* informacionViewController.m in Sources */,
				A1DC67BF19760309004F3F0B /* LibroFenomenal.m in Sources */,
				A1DC679F1975FF46004F3F0B /* ViewController.m in Sources */,
				A1DC67CA19773A9D004F3F0B /* nuevoLibroViewController.m in Sources */,
				A1DC67C7197718A1004F3F0B /* pictureViewController.m in Sources */,
				A1DC67991975FF46004F3F0B /* AppDelegate.m in Sources */,
				A1DC67951975FF46004F3F0B /* main.m in Sources */,
			);
			runOnlyForDeploymentPostprocessing = 0;
		};
		A1DC67A21975FF46004F3F0B /* Sources */ = {
			isa = PBXSourcesBuildPhase;
			buildActionMask = 2147483647;
			files = (
				A1DC67B41975FF46004F3F0B /* LibrosFenomenalesTests.m in Sources */,
				A1DC67CB19773A9D004F3F0B /* nuevoLibroViewController.m in Sources */,
			);
			runOnlyForDeploymentPostprocessing = 0;
		};
/* End PBXSourcesBuildPhase section */

/* Begin PBXTargetDependency section */
		A1DC67AC1975FF46004F3F0B /* PBXTargetDependency */ = {
			isa = PBXTargetDependency;
			target = A1DC67841975FF46004F3F0B /* LibrosFenomenales */;
			targetProxy = A1DC67AB1975FF46004F3F0B /* PBXContainerItemProxy */;
		};
/* End PBXTargetDependency section */

/* Begin PBXVariantGroup section */
		A1DC67911975FF46004F3F0B /* InfoPlist.strings */ = {
			isa = PBXVariantGroup;
			children = (
				A1DC67921975FF46004F3F0B /* en */,
			);
			name = InfoPlist.strings;
			sourceTree = "<group>";
		};
		A1DC679A1975FF46004F3F0B /* Main.storyboard */ = {
			isa = PBXVariantGroup;
			children = (
				A1DC679B1975FF46004F3F0B /* Base */,
			);
			name = Main.storyboard;
			sourceTree = "<group>";
		};
		A1DC67B01975FF46004F3F0B /* InfoPlist.strings */ = {
			isa = PBXVariantGroup;
			children = (
				A1DC67B11975FF46004F3F0B /* en */,
			);
			name = InfoPlist.strings;
			sourceTree = "<group>";
		};
/* End PBXVariantGroup section */

/* Begin XCBuildConfiguration section */
		A1DC67B51975FF46004F3F0B /* Debug */ = {
			isa = XCBuildConfiguration;
			buildSettings = {
				ALWAYS_SEARCH_USER_PATHS = NO;
				CLANG_CXX_LANGUAGE_STANDARD = "gnu++0x";
				CLANG_CXX_LIBRARY = "libc++";
				CLANG_ENABLE_MODULES = YES;
				CLANG_ENABLE_OBJC_ARC = YES;
				CLANG_WARN_BOOL_CONVERSION = YES;
				CLANG_WARN_CONSTANT_CONVERSION = YES;
				CLANG_WARN_DIRECT_OBJC_ISA_USAGE = YES_ERROR;
				CLANG_WARN_EMPTY_BODY = YES;
				CLANG_WARN_ENUM_CONVERSION = YES;
				CLANG_WARN_INT_CONVERSION = YES;
				CLANG_WARN_OBJC_ROOT_CLASS = YES_ERROR;
				CLANG_WARN__DUPLICATE_METHOD_MATCH = YES;
				"CODE_SIGN_IDENTITY[sdk=iphoneos*]" = "iPhone Developer";
				COPY_PHASE_STRIP = NO;
				GCC_C_LANGUAGE_STANDARD = gnu99;
				GCC_DYNAMIC_NO_PIC = NO;
				GCC_OPTIMIZATION_LEVEL = 0;
				GCC_PREPROCESSOR_DEFINITIONS = (
					"DEBUG=1",
					"$(inherited)",
				);
				GCC_SYMBOLS_PRIVATE_EXTERN = NO;
				GCC_WARN_64_TO_32_BIT_CONVERSION = YES;
				GCC_WARN_ABOUT_RETURN_TYPE = YES_ERROR;
				GCC_WARN_UNDECLARED_SELECTOR = YES;
				GCC_WARN_UNINITIALIZED_AUTOS = YES_AGGRESSIVE;
				GCC_WARN_UNUSED_FUNCTION = YES;
				GCC_WARN_UNUSED_VARIABLE = YES;
				IPHONEOS_DEPLOYMENT_TARGET = 7.1;
				ONLY_ACTIVE_ARCH = YES;
				SDKROOT = iphoneos;
			};
			name = Debug;
		};
		A1DC67B61975FF46004F3F0B /* Release */ = {
			isa = XCBuildConfiguration;
			buildSettings = {
				ALWAYS_SEARCH_USER_PATHS = NO;
				CLANG_CXX_LANGUAGE_STANDARD = "gnu++0x";
				CLANG_CXX_LIBRARY = "libc++";
				CLANG_ENABLE_MODULES = YES;
				CLANG_ENABLE_OBJC_ARC = YES;
				CLANG_WARN_BOOL_CONVERSION = YES;
				CLANG_WARN_CONSTANT_CONVERSION = YES;
				CLANG_WARN_DIRECT_OBJC_ISA_USAGE = YES_ERROR;
				CLANG_WARN_EMPTY_BODY = YES;
				CLANG_WARN_ENUM_CONVERSION = YES;
				CLANG_WARN_INT_CONVERSION = YES;
				CLANG_WARN_OBJC_ROOT_CLASS = YES_ERROR;
				CLANG_WARN__DUPLICATE_METHOD_MATCH = YES;
				"CODE_SIGN_IDENTITY[sdk=iphoneos*]" = "iPhone Developer";
				COPY_PHASE_STRIP = YES;
				ENABLE_NS_ASSERTIONS = NO;
				GCC_C_LANGUAGE_STANDARD = gnu99;
				GCC_WARN_64_TO_32_BIT_CONVERSION = YES;
				GCC_WARN_ABOUT_RETURN_TYPE = YES_ERROR;
				GCC_WARN_UNDECLARED_SELECTOR = YES;
				GCC_WARN_UNINITIALIZED_AUTOS = YES_AGGRESSIVE;
				GCC_WARN_UNUSED_FUNCTION = YES;
				GCC_WARN_UNUSED_VARIABLE = YES;
				IPHONEOS_DEPLOYMENT_TARGET = 7.1;
				SDKROOT = iphoneos;
				VALIDATE_PRODUCT = YES;
			};
			name = Release;
		};
		A1DC67B81975FF46004F3F0B /* Debug */ = {
			isa = XCBuildConfiguration;
			buildSettings = {
				ASSETCATALOG_COMPILER_APPICON_NAME = AppIcon;
				ASSETCATALOG_COMPILER_LAUNCHIMAGE_NAME = LaunchImage;
				GCC_PRECOMPILE_PREFIX_HEADER = YES;
				GCC_PREFIX_HEADER = "LibrosFenomenales/LibrosFenomenales-Prefix.pch";
				INFOPLIST_FILE = "LibrosFenomenales/LibrosFenomenales-Info.plist";
				PRODUCT_NAME = "$(TARGET_NAME)";
				WRAPPER_EXTENSION = app;
			};
			name = Debug;
		};
		A1DC67B91975FF46004F3F0B /* Release */ = {
			isa = XCBuildConfiguration;
			buildSettings = {
				ASSETCATALOG_COMPILER_APPICON_NAME = AppIcon;
				ASSETCATALOG_COMPILER_LAUNCHIMAGE_NAME = LaunchImage;
				GCC_PRECOMPILE_PREFIX_HEADER = YES;
				GCC_PREFIX_HEADER = "LibrosFenomenales/LibrosFenomenales-Prefix.pch";
				INFOPLIST_FILE = "LibrosFenomenales/LibrosFenomenales-Info.plist";
				PRODUCT_NAME = "$(TARGET_NAME)";
				WRAPPER_EXTENSION = app;
			};
			name = Release;
		};
		A1DC67BB1975FF46004F3F0B /* Debug */ = {
			isa = XCBuildConfiguration;
			buildSettings = {
				BUNDLE_LOADER = "$(BUILT_PRODUCTS_DIR)/LibrosFenomenales.app/LibrosFenomenales";
				FRAMEWORK_SEARCH_PATHS = (
					"$(SDKROOT)/Developer/Library/Frameworks",
					"$(inherited)",
					"$(DEVELOPER_FRAMEWORKS_DIR)",
				);
				GCC_PRECOMPILE_PREFIX_HEADER = YES;
				GCC_PREFIX_HEADER = "LibrosFenomenales/LibrosFenomenales-Prefix.pch";
				GCC_PREPROCESSOR_DEFINITIONS = (
					"DEBUG=1",
					"$(inherited)",
				);
				INFOPLIST_FILE = "LibrosFenomenalesTests/LibrosFenomenalesTests-Info.plist";
				PRODUCT_NAME = "$(TARGET_NAME)";
				TEST_HOST = "$(BUNDLE_LOADER)";
				WRAPPER_EXTENSION = xctest;
			};
			name = Debug;
		};
		A1DC67BC1975FF46004F3F0B /* Release */ = {
			isa = XCBuildConfiguration;
			buildSettings = {
				BUNDLE_LOADER = "$(BUILT_PRODUCTS_DIR)/LibrosFenomenales.app/LibrosFenomenales";
				FRAMEWORK_SEARCH_PATHS = (
					"$(SDKROOT)/Developer/Library/Frameworks",
					"$(inherited)",
					"$(DEVELOPER_FRAMEWORKS_DIR)",
				);
				GCC_PRECOMPILE_PREFIX_HEADER = YES;
				GCC_PREFIX_HEADER = "LibrosFenomenales/LibrosFenomenales-Prefix.pch";
				INFOPLIST_FILE = "LibrosFenomenalesTests/LibrosFenomenalesTests-Info.plist";
				PRODUCT_NAME = "$(TARGET_NAME)";
				TEST_HOST = "$(BUNDLE_LOADER)";
				WRAPPER_EXTENSION = xctest;
			};
			name = Release;
		};
/* End XCBuildConfiguration section */

/* Begin XCConfigurationList section */
		A1DC67801975FF46004F3F0B /* Build configuration list for PBXProject "LibrosFenomenales" */ = {
			isa = XCConfigurationList;
			buildConfigurations = (
				A1DC67B51975FF46004F3F0B /* Debug */,
				A1DC67B61975FF46004F3F0B /* Release */,
			);
			defaultConfigurationIsVisible = 0;
			defaultConfigurationName = Release;
		};
		A1DC67B71975FF46004F3F0B /* Build configuration list for PBXNativeTarget "LibrosFenomenales" */ = {
			isa = XCConfigurationList;
			buildConfigurations = (
				A1DC67B81975FF46004F3F0B /* Debug */,
				A1DC67B91975FF46004F3F0B /* Release */,
			);
			defaultConfigurationIsVisible = 0;
		};
		A1DC67BA1975FF46004F3F0B /* Build configuration list for PBXNativeTarget "LibrosFenomenalesTests" */ = {
			isa = XCConfigurationList;
			buildConfigurations = (
				A1DC67BB1975FF46004F3F0B /* Debug */,
				A1DC67BC1975FF46004F3F0B /* Release */,
			);
			defaultConfigurationIsVisible = 0;
		};
/* End XCConfigurationList section */
	};
	rootObject = A1DC677D1975FF46004F3F0B /* Project object */;
}
